
Microsoft Visual Studio Solution File, Format Version 12.00
# Visual Studio 14
VisualStudioVersion = 14.0.25420.1
MinimumVisualStudioVersion = 10.0.40219.1
Project("{FAE04EC0-301F-11D3-BF4B-00C04F79EFBC}") = "nightowlsign", "nightowlsigns\nightowlsign.csproj", "{971C05C5-6D62-4424-9411-7DE2CBEBC2B3}"
EndProject
Project("{2150E333-8FDC-42A3-9474-1A3956D46DE8}") = "PublishScripts", "PublishScripts", "{FFFA2B26-470D-4915-9561-FA62E8A608F5}"
EndProject
Project("{2150E333-8FDC-42A3-9474-1A3956D46DE8}") = "Scripts", "Scripts", "{5F0C7F9A-DBA8-45FD-8BBB-EB41BFEAF9A7}"
	ProjectSection(SolutionItems) = preProject
		PublishScripts\Scripts\Deploy-AzureResourceGroup.ps1 = PublishScripts\Scripts\Deploy-AzureResourceGroup.ps1
	EndProjectSection
EndProject
Project("{2150E333-8FDC-42A3-9474-1A3956D46DE8}") = "Templates", "Templates", "{8F71084D-AA21-4B5C-AFEC-400773B0E2F2}"
	ProjectSection(SolutionItems) = preProject
		PublishScripts\Templates\nightowlsigns.json = PublishScripts\Templates\nightowlsigns.json
		PublishScripts\Templates\nightowlsigns.param.dev.json = PublishScripts\Templates\nightowlsigns.param.dev.json
	EndProjectSection
EndProject
Project("{FAE04EC0-301F-11D3-BF4B-00C04F79EFBC}") = "basemodel", "basemodel\basemodel.csproj", "{CE5565BE-0F62-4D0D-911B-BE540AF7D2A3}"
EndProject
Project("{FAE04EC0-301F-11D3-BF4B-00C04F79EFBC}") = "nightowlsign.data", "nightowlsign.data\nightowlsign.data.csproj", "{E006FAC5-FA56-4A62-921C-2E0CC550AE5F}"
EndProject
Project("{FAE04EC0-301F-11D3-BF4B-00C04F79EFBC}") = "ImageStorage", "..\..\boxer\ImageStorage\ImageStorage.csproj", "{79E031A3-0046-4C41-BDD8-2B124E691076}"
EndProject
Global
	GlobalSection(SolutionConfigurationPlatforms) = preSolution
		Debug|Any CPU = Debug|Any CPU
		Release|Any CPU = Release|Any CPU
	EndGlobalSection
	GlobalSection(ProjectConfigurationPlatforms) = postSolution
		{971C05C5-6D62-4424-9411-7DE2CBEBC2B3}.Debug|Any CPU.ActiveCfg = Debug|Any CPU
		{971C05C5-6D62-4424-9411-7DE2CBEBC2B3}.Debug|Any CPU.Build.0 = Debug|Any CPU
		{971C05C5-6D62-4424-9411-7DE2CBEBC2B3}.Release|Any CPU.ActiveCfg = Release|Any CPU
		{971C05C5-6D62-4424-9411-7DE2CBEBC2B3}.Release|Any CPU.Build.0 = Release|Any CPU
		{CE5565BE-0F62-4D0D-911B-BE540AF7D2A3}.Debug|Any CPU.ActiveCfg = Debug|Any CPU
		{CE5565BE-0F62-4D0D-911B-BE540AF7D2A3}.Debug|Any CPU.Build.0 = Debug|Any CPU
		{CE5565BE-0F62-4D0D-911B-BE540AF7D2A3}.Release|Any CPU.ActiveCfg = Release|Any CPU
		{CE5565BE-0F62-4D0D-911B-BE540AF7D2A3}.Release|Any CPU.Build.0 = Release|Any CPU
		{E006FAC5-FA56-4A62-921C-2E0CC550AE5F}.Debug|Any CPU.ActiveCfg = Debug|Any CPU
		{E006FAC5-FA56-4A62-921C-2E0CC550AE5F}.Debug|Any CPU.Build.0 = Debug|Any CPU
		{E006FAC5-FA56-4A62-921C-2E0CC550AE5F}.Release|Any CPU.ActiveCfg = Release|Any CPU
		{E006FAC5-FA56-4A62-921C-2E0CC550AE5F}.Release|Any CPU.Build.0 = Release|Any CPU
		{79E031A3-0046-4C41-BDD8-2B124E691076}.Debug|Any CPU.ActiveCfg = Debug|Any CPU
		{79E031A3-0046-4C41-BDD8-2B124E691076}.Debug|Any CPU.Build.0 = Debug|Any CPU
		{79E031A3-0046-4C41-BDD8-2B124E691076}.Release|Any CPU.ActiveCfg = Release|Any CPU
		{79E031A3-0046-4C41-BDD8-2B124E691076}.Release|Any CPU.Build.0 = Release|Any CPU
	EndGlobalSection
	GlobalSection(SolutionProperties) = preSolution
		HideSolutionNode = FALSE
	EndGlobalSection
	GlobalSection(NestedProjects) = preSolution
		{5F0C7F9A-DBA8-45FD-8BBB-EB41BFEAF9A7} = {FFFA2B26-470D-4915-9561-FA62E8A608F5}
		{8F71084D-AA21-4B5C-AFEC-400773B0E2F2} = {FFFA2B26-470D-4915-9561-FA62E8A608F5}
	EndGlobalSection
EndGlobal
